github.com/davecgh/go-spew v1.1.0/go.mod h1:J7Y8YcW2NihsgmVo/mv3lAwl/skON4iLHjSsI+c5H38=
github.com/davecgh/go-spew v1.1.1 h1:vj9j/u1bqnvCEfJOwUhtlOARqs3+rkHYY13jYWTU97c=
github.com/davecgh/go-spew v1.1.1/go.mod h1:J7Y8YcW2NihsgmVo/mv3lAwl/skON4iLHjSsI+c5H38=
github.com/pmezard/go-difflib v1.0.0 h1:4DBwDE0NGyQoBHbLQYPwSUPoCMWR5BEzIk/f1lZbAQM=
github.com/pmezard/go-difflib v1.0.0/go.mod h1:iKH77koFhYxTK1pcRnkKkqfTogsbg7gZNVY4sRDYZ/4=
github.com/sirupsen/logrus v1.9.3 h1:dueUQJ1C2q9oE3F7wvmSGAaVtTmUizReu6fjN8uqzbQ=
github.com/sirupsen/logrus v1.9.3/go.mod h1:naHLuLoDiP4jHNo9R0sCBMtWGeIprob74mVsIT4qYEQ=
github.com/stretchr/objx v0.1.0/go.mod h1:HFkY916IF+rwdDfMAkV7OtwuqBVzrE8GR6GFx+wExME=
github.com/stretchr/testify v1.7.0 h1:nwc3DEeHmmLAfoZucVR881uASk0Mfjw8xYJ99tb5CcY=
github.com/stretchr/testify v1.7.0/go.mod h1:6Fq8oRcR53rry900zMqJjRRixrwX3KX962/h/Wwjteg=
github.com/zhaojunlucky/golib v0.0.0-20240728031653-0709e12fb581 h1:U8NNjxyGX35MqQzM3p64H+3LwTecUxmszhXWX+1xH1I=
github.com/zhaojunlucky/golib v0.0.0-20240728031653-0709e12fb581/go.mod h1:9cRGxcgszgcSlxZbjlxkBreR7BTy5fyzF6w6LL4FPy4=
github.com/zhaojunlucky/golib v0.0.0-20240728033543-a3cb8f533903 h1:6nAqJHlidWYDSoqhAAup139wTMqtIlD5aZcN/irGQ78=
github.com/zhaojunlucky/golib v0.0.0-20240728033543-a3cb8f533903/go.mod h1:z1ZiniRKcr0tpq8tEyQqb/AtuTgLV7ZOnaJF9bqJpjo=
github.com/zhaojunlucky/golib v0.0.0-20240728062841-0fadb775c39a h1:D/9ZysX7iUTdVxHOdfFS/QfMlBttLqOEODIjSuDWGwc=
github.com/zhaojunlucky/golib v0.0.0-20240728062841-0fadb775c39a/go.mod h1:z1ZiniRKcr0tpq8tEyQqb/AtuTgLV7ZOnaJF9bqJpjo=
github.com/zhaojunlucky/golib v0.0.0-20240728063901-1a27e8bc8cfa h1:0sfr3AYqDZEwsCwX7/xVE/cHLrVkdqWedaRVJGPM4P4=
github.com/zhaojunlucky/golib v0.0.0-20240728063901-1a27e8bc8cfa/go.mod h1:z1ZiniRKcr0tpq8tEyQqb/AtuTgLV7ZOnaJF9bqJpjo=
github.com/zhaojunlucky/golib v0.0.0-20240728071609-9d8c696efab8 h1:YNOrjPsyuJn0rbMFC7HlbH+20R4drAI0mNd5Z5D+bQQ=
github.com/zhaojunlucky/golib v0.0.0-20240728071609-9d8c696efab8/go.mod h1:z1ZiniRKcr0tpq8tEyQqb/AtuTgLV7ZOnaJF9bqJpjo=
github.com/zhaojunlucky/golib v0.0.0-20240728072840-4e01eb426b33 h1:uUXFYCc1FOScYQ9v73WNBmoaz0aL6abpCdFhF9Qr2a8=
github.com/zhaojunlucky/golib v0.0.0-20240728072840-4e01eb426b33/go.mod h1:z1ZiniRKcr0tpq8tEyQqb/AtuTgLV7ZOnaJF9bqJpjo=
github.com/zhaojunlucky/golib v0.0.0-20240728102912-8746f75afd46 h1:N4RARqmWyb2EKEVeT76i8uaOB86TKqNiQ63t/h4a1xE=
github.com/zhaojunlucky/golib v0.0.0-20240728102912-8746f75afd46/go.mod h1:/99nOXztUNBqGeULB+DjYeWcAR7XGDK0lB7nQCXLNgw=
github.com/zhaojunlucky/golib v0.0.0-20240728113722-31d1b2edccbf h1:V/TdBD8OsbztfEMhrU+Y/5x/QAcH0ditqg+vR6Opb1o=
github.com/zhaojunlucky/golib v0.0.0-20240728113722-31d1b2edccbf/go.mod h1:/99nOXztUNBqGeULB+DjYeWcAR7XGDK0lB7nQCXLNgw=
github.com/zhaojunlucky/golib v0.0.0-20240728115854-840030d12f22 h1:71IzQszTnEG5PYRsR0Xs3BGfzZyE6zN3JErvY7hFfVA=
github.com/zhaojunlucky/golib v0.0.0-20240728115854-840030d12f22/go.mod h1:/99nOXztUNBqGeULB+DjYeWcAR7XGDK0lB7nQCXLNgw=
github.com/zhaojunlucky/golib v0.0.0-20240729112300-7001b01b8a30 h1:BLoWBUgLaftsiLgipXMoWZlTt72Y3EbXoTkAaqoFC8A=
github.com/zhaojunlucky/golib v0.0.0-20240729112300-7001b01b8a30/go.mod h1:/99nOXztUNBqGeULB+DjYeWcAR7XGDK0lB7nQCXLNgw=
github.com/zhaojunlucky/golib v0.0.0-20240729120214-0f752ed2b6e2 h1:q6Gk6I6McNH9JZ04lyUwfNNG2PX04wQmAFJndoltIWk=
github.com/zhaojunlucky/golib v0.0.0-20240729120214-0f752ed2b6e2/go.mod h1:/99nOXztUNBqGeULB+DjYeWcAR7XGDK0lB7nQCXLNgw=
golang.org/x/sys v0.0.0-20220715151400-c0bba94af5f8 h1:0A+M6Uqn+Eje4kHMK80dtF3JCXC4ykBgQG4Fe06QRhQ=
golang.org/x/sys v0.0.0-20220715151400-c0bba94af5f8/go.mod h1:oPkhp1MJrh7nUepCBck5+mAzfO9JrbApNNgaTdGDITg=
golang.org/x/sys v0.5.0/go.mod h1:oPkhp1MJrh7nUepCBck5+mAzfO9JrbApNNgaTdGDITg=
gopkg.in/check.v1 v0.0.0-20161208181325-20d25e280405/go.mod h1:Co6ibVJAznAaIkqp8huTwlJQCZ016jof/cbN4VW5Yz0=
gopkg.in/yaml.v3 v3.0.0-20200313102051-9f266ea9e77c h1:dUUwHk2QECo/6vqA44rthZ8ie2QXMNeKRTHCNY2nXvo=
gopkg.in/yaml.v3 v3.0.0-20200313102051-9f266ea9e77c/go.mod h1:K4uyk7z7BCEPqu6E+C64Yfv1cQ7kz7rIZviUmN+EgEM=
